// !$*UTF8*$!
{
	archiveVersion = 1;
	classes = {
	};
	objectVersion = 46;
	objects = {

/* Begin PBXBuildFile section */
		42EC39CC7DA25EFFBE55644E /* libPods.a in Frameworks */ = {isa = PBXBuildFile; fileRef = 86A69C54BFEC95D342C8D1BD /* libPods.a */; };
		A31B59451C866A34004F3927 /* CoreLocation.framework in Frameworks */ = {isa = PBXBuildFile; fileRef = A3220B3C1C866467009D1CC1 /* CoreLocation.framework */; };
		A31B59461C866A3B004F3927 /* CoreLocation.framework in Frameworks */ = {isa = PBXBuildFile; fileRef = A3220B3C1C866467009D1CC1 /* CoreLocation.framework */; };
		A3220B401C86658F009D1CC1 /* libPods.a in Frameworks */ = {isa = PBXBuildFile; fileRef = A3220B3F1C86658F009D1CC1 /* libPods.a */; };
		A325141C1CEBA7A400D326C7 /* mam-art-patrons.png in Resources */ = {isa = PBXBuildFile; fileRef = A32514161CEBA7A400D326C7 /* mam-art-patrons.png */; };
		A325141D1CEBA7A400D326C7 /* mam-chihuly.png in Resources */ = {isa = PBXBuildFile; fileRef = A32514171CEBA7A400D326C7 /* mam-chihuly.png */; };
		A325141E1CEBA7A400D326C7 /* mam-closed.png in Resources */ = {isa = PBXBuildFile; fileRef = A32514181CEBA7A400D326C7 /* mam-closed.png */; };
		A325141F1CEBA7A400D326C7 /* mam-janitor.png in Resources */ = {isa = PBXBuildFile; fileRef = A32514191CEBA7A400D326C7 /* mam-janitor.png */; };
		A32514201CEBA7A400D326C7 /* mam-open.png in Resources */ = {isa = PBXBuildFile; fileRef = A325141A1CEBA7A400D326C7 /* mam-open.png */; };
		A32514211CEBA7A400D326C7 /* mam-sunny.png in Resources */ = {isa = PBXBuildFile; fileRef = A325141B1CEBA7A400D326C7 /* mam-sunny.png */; };
		A32514231CEBA7C700D326C7 /* alice-cooper.png in Resources */ = {isa = PBXBuildFile; fileRef = A32514221CEBA7C700D326C7 /* alice-cooper.png */; };
		A325D3481CC0BD3E00638E6A /* accordion.png in Resources */ = {isa = PBXBuildFile; fileRef = A325D32F1CC0BD3E00638E6A /* accordion.png */; };
		A325D34A1CC0BD3E00638E6A /* bar-dice.png in Resources */ = {isa = PBXBuildFile; fileRef = A325D3311CC0BD3E00638E6A /* bar-dice.png */; };
		A325D34B1CC0BD3E00638E6A /* beastie.png in Resources */ = {isa = PBXBuildFile; fileRef = A325D3321CC0BD3E00638E6A /* beastie.png */; };
		A325D34C1CC0BD3E00638E6A /* bloody-mary-with-chaser.png in Resources */ = {isa = PBXBuildFile; fileRef = A325D3331CC0BD3E00638E6A /* bloody-mary-with-chaser.png */; };
		A325D34D1CC0BD3E00638E6A /* bratwurst.png in Resources */ = {isa = PBXBuildFile; fileRef = A325D3341CC0BD3E00638E6A /* bratwurst.png */; };
		A325D34E1CC0BD3E00638E6A /* bronze-fonz-thumbs.png in Resources */ = {isa = PBXBuildFile; fileRef = A325D3351CC0BD3E00638E6A /* bronze-fonz-thumbs.png */; };
		A325D34F1CC0BD3E00638E6A /* cheesehead-female.png in Resources */ = {isa = PBXBuildFile; fileRef = A325D3361CC0BD3E00638E6A /* cheesehead-female.png */; };
		A325D3501CC0BD3E00638E6A /* cheesehead-male.png in Resources */ = {isa = PBXBuildFile; fileRef = A325D3371CC0BD3E00638E6A /* cheesehead-male.png */; };
		A325D3511CC0BD3E00638E6A /* city-hall.png in Resources */ = {isa = PBXBuildFile; fileRef = A325D3381CC0BD3E00638E6A /* city-hall.png */; };
		A325D3521CC0BD3E00638E6A /* dome.png in Resources */ = {isa = PBXBuildFile; fileRef = A325D3391CC0BD3E00638E6A /* dome.png */; };
		A325D3531CC0BD3E00638E6A /* domes.png in Resources */ = {isa = PBXBuildFile; fileRef = A325D33A1CC0BD3E00638E6A /* domes.png */; };
		A325D3541CC0BD3E00638E6A /* fish-fry-fully-loaded.png in Resources */ = {isa = PBXBuildFile; fileRef = A325D33B1CC0BD3E00638E6A /* fish-fry-fully-loaded.png */; };
		A325D3551CC0BD3E00638E6A /* 0hoan-bridge.png in Resources */ = {isa = PBXBuildFile; fileRef = A325D33C1CC0BD3E00638E6A /* 0hoan-bridge.png */; };
		A325D3561CC0BD3E00638E6A /* lake-michigan.png in Resources */ = {isa = PBXBuildFile; fileRef = A325D33D1CC0BD3E00638E6A /* lake-michigan.png */; };
		A325D3571CC0BD3E00638E6A /* laverne.png in Resources */ = {isa = PBXBuildFile; fileRef = A325D33E1CC0BD3E00638E6A /* laverne.png */; };
		A325D3581CC0BD3E00638E6A /* milverine.png in Resources */ = {isa = PBXBuildFile; fileRef = A325D33F1CC0BD3E00638E6A /* milverine.png */; };
		A325D3591CC0BD3E00638E6A /* milwaukee-flag.png in Resources */ = {isa = PBXBuildFile; fileRef = A325D3401CC0BD3E00638E6A /* milwaukee-flag.png */; };
		A325D35A1CC0BD3E00638E6A /* old-fashioned.png in Resources */ = {isa = PBXBuildFile; fileRef = A325D3411CC0BD3E00638E6A /* old-fashioned.png */; };
		A325D35B1CC0BD3E00638E6A /* rumchata.png in Resources */ = {isa = PBXBuildFile; fileRef = A325D3421CC0BD3E00638E6A /* rumchata.png */; };
		A325D35C1CC0BD3E00638E6A /* shirley.png in Resources */ = {isa = PBXBuildFile; fileRef = A325D3431CC0BD3E00638E6A /* shirley.png */; };
		A325D35D1CC0BD3E00638E6A /* shorts-with-melting-snow-female.png in Resources */ = {isa = PBXBuildFile; fileRef = A325D3441CC0BD3E00638E6A /* shorts-with-melting-snow-female.png */; };
		A325D35E1CC0BD3E00638E6A /* shorts-with-melting-snow-male.png in Resources */ = {isa = PBXBuildFile; fileRef = A325D3451CC0BD3E00638E6A /* shorts-with-melting-snow-male.png */; };
		A325D35F1CC0BD3E00638E6A /* the-calling.png in Resources */ = {isa = PBXBuildFile; fileRef = A325D3461CC0BD3E00638E6A /* the-calling.png */; };
		A325D3601CC0BD3E00638E6A /* vel-phillips.png in Resources */ = {isa = PBXBuildFile; fileRef = A325D3471CC0BD3E00638E6A /* vel-phillips.png */; };
		A34514421C7E72920000F1F5 /* emojiCell.swift in Sources */ = {isa = PBXBuildFile; fileRef = A34514401C7E72920000F1F5 /* emojiCell.swift */; };
		A34514431C7E72920000F1F5 /* emojiCell.xib in Resources */ = {isa = PBXBuildFile; fileRef = A34514411C7E72920000F1F5 /* emojiCell.xib */; };
		A34514451C7FC09E0000F1F5 /* Media.xcassets in Resources */ = {isa = PBXBuildFile; fileRef = A34514441C7FC09E0000F1F5 /* Media.xcassets */; };
		A34514751C8526000000F1F5 /* LaunchScreen.xib in Resources */ = {isa = PBXBuildFile; fileRef = A34514741C8526000000F1F5 /* LaunchScreen.xib */; };
		A39553D91CD7FB0F0011B7A8 /* hot-ham-and-rolls.png in Resources */ = {isa = PBXBuildFile; fileRef = A39553D41CD7FB0F0011B7A8 /* hot-ham-and-rolls.png */; };
		A39553DA1CD7FB0F0011B7A8 /* james-lovell.png in Resources */ = {isa = PBXBuildFile; fileRef = A39553D51CD7FB0F0011B7A8 /* james-lovell.png */; };
		A39553DB1CD7FB0F0011B7A8 /* red-lighthouse.png in Resources */ = {isa = PBXBuildFile; fileRef = A39553D61CD7FB0F0011B7A8 /* red-lighthouse.png */; };
		A39553DC1CD7FB0F0011B7A8 /* shot-and-beer.png in Resources */ = {isa = PBXBuildFile; fileRef = A39553D71CD7FB0F0011B7A8 /* shot-and-beer.png */; };
		A39553DD1CD7FB0F0011B7A8 /* swing-park.png in Resources */ = {isa = PBXBuildFile; fileRef = A39553D81CD7FB0F0011B7A8 /* swing-park.png */; };
		A3A6E2E51C5FF1DE000F5C68 /* AppDelegate.swift in Sources */ = {isa = PBXBuildFile; fileRef = A3A6E2E41C5FF1DE000F5C68 /* AppDelegate.swift */; };
		A3A6E2E71C5FF1DE000F5C68 /* ViewController.swift in Sources */ = {isa = PBXBuildFile; fileRef = A3A6E2E61C5FF1DE000F5C68 /* ViewController.swift */; };
		A3A6E2EA1C5FF1DE000F5C68 /* Main.storyboard in Resources */ = {isa = PBXBuildFile; fileRef = A3A6E2E81C5FF1DE000F5C68 /* Main.storyboard */; };
		A3A6E2EC1C5FF1DE000F5C68 /* Assets.xcassets in Resources */ = {isa = PBXBuildFile; fileRef = A3A6E2EB1C5FF1DE000F5C68 /* Assets.xcassets */; };
		A3A6E2FD1C5FF204000F5C68 /* KeyboardViewController.swift in Sources */ = {isa = PBXBuildFile; fileRef = A3A6E2FC1C5FF204000F5C68 /* KeyboardViewController.swift */; };
		A3A6E3011C5FF204000F5C68 /* Milwaukee Emoji.appex in Embed App Extensions */ = {isa = PBXBuildFile; fileRef = A3A6E2FA1C5FF204000F5C68 /* Milwaukee Emoji.appex */; settings = {ATTRIBUTES = (RemoveHeadersOnCopy, ); }; };
		A3C7C1E71CF641BD00E19E09 /* StoreKit.framework in Frameworks */ = {isa = PBXBuildFile; fileRef = A3C7C1E61CF641BD00E19E09 /* StoreKit.framework */; };
		A3C7C1E91CF651C400E19E09 /* emojiCollectionCell.xib in Resources */ = {isa = PBXBuildFile; fileRef = A3C7C1E81CF651C400E19E09 /* emojiCollectionCell.xib */; };
		A3C7C1EB1CF6533400E19E09 /* emojiCollectionCell.swift in Sources */ = {isa = PBXBuildFile; fileRef = A3C7C1EA1CF6533400E19E09 /* emojiCollectionCell.swift */; };
		A3C7C1ED1CF6D3F800E19E09 /* IAPHelper.swift in Sources */ = {isa = PBXBuildFile; fileRef = A3C7C1EC1CF6D3F800E19E09 /* IAPHelper.swift */; };
		A3C7C1EF1CF6D43A00E19E09 /* RageProducts.swift in Sources */ = {isa = PBXBuildFile; fileRef = A3C7C1EE1CF6D43A00E19E09 /* RageProducts.swift */; };
		A3D5FB7B1C61679E00A4EEA9 /* Keyboard.xib in Resources */ = {isa = PBXBuildFile; fileRef = A3D5FB7A1C61679E00A4EEA9 /* Keyboard.xib */; };
/* End PBXBuildFile section */

/* Begin PBXContainerItemProxy section */
		A3A6E2FF1C5FF204000F5C68 /* PBXContainerItemProxy */ = {
			isa = PBXContainerItemProxy;
			containerPortal = A3A6E2D91C5FF1DE000F5C68 /* Project object */;
			proxyType = 1;
			remoteGlobalIDString = A3A6E2F91C5FF204000F5C68;
			remoteInfo = "Milwaukee Emoji";
		};
/* End PBXContainerItemProxy section */

/* Begin PBXCopyFilesBuildPhase section */
		A3A6E3051C5FF204000F5C68 /* Embed App Extensions */ = {
			isa = PBXCopyFilesBuildPhase;
			buildActionMask = 2147483647;
			dstPath = "";
			dstSubfolderSpec = 13;
			files = (
				A3A6E3011C5FF204000F5C68 /* Milwaukee Emoji.appex in Embed App Extensions */,
			);
			name = "Embed App Extensions";
			runOnlyForDeploymentPostprocessing = 0;
		};
/* End PBXCopyFilesBuildPhase section */

/* Begin PBXFileReference section */
		421A01BCAF5FAA27C0B17B9C /* Pods.release.xcconfig */ = {isa = PBXFileReference; includeInIndex = 1; lastKnownFileType = text.xcconfig; name = Pods.release.xcconfig; path = "Pods/Target Support Files/Pods/Pods.release.xcconfig"; sourceTree = "<group>"; };
		86A69C54BFEC95D342C8D1BD /* libPods.a */ = {isa = PBXFileReference; explicitFileType = archive.ar; includeInIndex = 0; path = libPods.a; sourceTree = BUILT_PRODUCTS_DIR; };
		A3220B3B1C865AD6009D1CC1 /* BridgingHeader.h */ = {isa = PBXFileReference; fileEncoding = 4; lastKnownFileType = sourcecode.c.h; path = BridgingHeader.h; sourceTree = "<group>"; };
		A3220B3C1C866467009D1CC1 /* CoreLocation.framework */ = {isa = PBXFileReference; lastKnownFileType = wrapper.framework; name = CoreLocation.framework; path = System/Library/Frameworks/CoreLocation.framework; sourceTree = SDKROOT; };
		A3220B3F1C86658F009D1CC1 /* libPods.a */ = {isa = PBXFileReference; lastKnownFileType = archive.ar; name = libPods.a; path = "Pods/../build/Debug-iphoneos/libPods.a"; sourceTree = "<group>"; };
		A32514161CEBA7A400D326C7 /* mam-art-patrons.png */ = {isa = PBXFileReference; lastKnownFileType = image.png; path = "mam-art-patrons.png"; sourceTree = "<group>"; };
		A32514171CEBA7A400D326C7 /* mam-chihuly.png */ = {isa = PBXFileReference; lastKnownFileType = image.png; path = "mam-chihuly.png"; sourceTree = "<group>"; };
		A32514181CEBA7A400D326C7 /* mam-closed.png */ = {isa = PBXFileReference; lastKnownFileType = image.png; path = "mam-closed.png"; sourceTree = "<group>"; };
		A32514191CEBA7A400D326C7 /* mam-janitor.png */ = {isa = PBXFileReference; lastKnownFileType = image.png; path = "mam-janitor.png"; sourceTree = "<group>"; };
		A325141A1CEBA7A400D326C7 /* mam-open.png */ = {isa = PBXFileReference; lastKnownFileType = image.png; path = "mam-open.png"; sourceTree = "<group>"; };
		A325141B1CEBA7A400D326C7 /* mam-sunny.png */ = {isa = PBXFileReference; lastKnownFileType = image.png; path = "mam-sunny.png"; sourceTree = "<group>"; };
		A32514221CEBA7C700D326C7 /* alice-cooper.png */ = {isa = PBXFileReference; lastKnownFileType = image.png; path = "alice-cooper.png"; sourceTree = "<group>"; };
		A325D32F1CC0BD3E00638E6A /* accordion.png */ = {isa = PBXFileReference; lastKnownFileType = image.png; path = accordion.png; sourceTree = "<group>"; };
		A325D3311CC0BD3E00638E6A /* bar-dice.png */ = {isa = PBXFileReference; lastKnownFileType = image.png; path = "bar-dice.png"; sourceTree = "<group>"; };
		A325D3321CC0BD3E00638E6A /* beastie.png */ = {isa = PBXFileReference; lastKnownFileType = image.png; path = beastie.png; sourceTree = "<group>"; };
		A325D3331CC0BD3E00638E6A /* bloody-mary-with-chaser.png */ = {isa = PBXFileReference; lastKnownFileType = image.png; path = "bloody-mary-with-chaser.png"; sourceTree = "<group>"; };
		A325D3341CC0BD3E00638E6A /* bratwurst.png */ = {isa = PBXFileReference; lastKnownFileType = image.png; path = bratwurst.png; sourceTree = "<group>"; };
		A325D3351CC0BD3E00638E6A /* bronze-fonz-thumbs.png */ = {isa = PBXFileReference; lastKnownFileType = image.png; path = "bronze-fonz-thumbs.png"; sourceTree = "<group>"; };
		A325D3361CC0BD3E00638E6A /* cheesehead-female.png */ = {isa = PBXFileReference; lastKnownFileType = image.png; path = "cheesehead-female.png"; sourceTree = "<group>"; };
		A325D3371CC0BD3E00638E6A /* cheesehead-male.png */ = {isa = PBXFileReference; lastKnownFileType = image.png; path = "cheesehead-male.png"; sourceTree = "<group>"; };
		A325D3381CC0BD3E00638E6A /* city-hall.png */ = {isa = PBXFileReference; lastKnownFileType = image.png; path = "city-hall.png"; sourceTree = "<group>"; };
		A325D3391CC0BD3E00638E6A /* dome.png */ = {isa = PBXFileReference; lastKnownFileType = image.png; path = dome.png; sourceTree = "<group>"; };
		A325D33A1CC0BD3E00638E6A /* domes.png */ = {isa = PBXFileReference; lastKnownFileType = image.png; path = domes.png; sourceTree = "<group>"; };
		A325D33B1CC0BD3E00638E6A /* fish-fry-fully-loaded.png */ = {isa = PBXFileReference; lastKnownFileType = image.png; path = "fish-fry-fully-loaded.png"; sourceTree = "<group>"; };
		A325D33C1CC0BD3E00638E6A /* 0hoan-bridge.png */ = {isa = PBXFileReference; lastKnownFileType = image.png; path = "0hoan-bridge.png"; sourceTree = "<group>"; };
		A325D33D1CC0BD3E00638E6A /* lake-michigan.png */ = {isa = PBXFileReference; lastKnownFileType = image.png; path = "lake-michigan.png"; sourceTree = "<group>"; };
		A325D33E1CC0BD3E00638E6A /* laverne.png */ = {isa = PBXFileReference; lastKnownFileType = image.png; path = laverne.png; sourceTree = "<group>"; };
		A325D33F1CC0BD3E00638E6A /* milverine.png */ = {isa = PBXFileReference; lastKnownFileType = image.png; path = milverine.png; sourceTree = "<group>"; };
		A325D3401CC0BD3E00638E6A /* milwaukee-flag.png */ = {isa = PBXFileReference; lastKnownFileType = image.png; path = "milwaukee-flag.png"; sourceTree = "<group>"; };
		A325D3411CC0BD3E00638E6A /* old-fashioned.png */ = {isa = PBXFileReference; lastKnownFileType = image.png; path = "old-fashioned.png"; sourceTree = "<group>"; };
		A325D3421CC0BD3E00638E6A /* rumchata.png */ = {isa = PBXFileReference; lastKnownFileType = image.png; path = rumchata.png; sourceTree = "<group>"; };
		A325D3431CC0BD3E00638E6A /* shirley.png */ = {isa = PBXFileReference; lastKnownFileType = image.png; path = shirley.png; sourceTree = "<group>"; };
		A325D3441CC0BD3E00638E6A /* shorts-with-melting-snow-female.png */ = {isa = PBXFileReference; lastKnownFileType = image.png; path = "shorts-with-melting-snow-female.png"; sourceTree = "<group>"; };
		A325D3451CC0BD3E00638E6A /* shorts-with-melting-snow-male.png */ = {isa = PBXFileReference; lastKnownFileType = image.png; path = "shorts-with-melting-snow-male.png"; sourceTree = "<group>"; };
		A325D3461CC0BD3E00638E6A /* the-calling.png */ = {isa = PBXFileReference; lastKnownFileType = image.png; path = "the-calling.png"; sourceTree = "<group>"; };
		A325D3471CC0BD3E00638E6A /* vel-phillips.png */ = {isa = PBXFileReference; lastKnownFileType = image.png; path = "vel-phillips.png"; sourceTree = "<group>"; };
		A34514401C7E72920000F1F5 /* emojiCell.swift */ = {isa = PBXFileReference; fileEncoding = 4; lastKnownFileType = sourcecode.swift; path = emojiCell.swift; sourceTree = "<group>"; };
		A34514411C7E72920000F1F5 /* emojiCell.xib */ = {isa = PBXFileReference; fileEncoding = 4; lastKnownFileType = file.xib; path = emojiCell.xib; sourceTree = "<group>"; };
		A34514441C7FC09E0000F1F5 /* Media.xcassets */ = {isa = PBXFileReference; lastKnownFileType = folder.assetcatalog; path = Media.xcassets; sourceTree = "<group>"; };
		A34514741C8526000000F1F5 /* LaunchScreen.xib */ = {isa = PBXFileReference; fileEncoding = 4; lastKnownFileType = file.xib; path = LaunchScreen.xib; sourceTree = "<group>"; };
		A39553D41CD7FB0F0011B7A8 /* hot-ham-and-rolls.png */ = {isa = PBXFileReference; lastKnownFileType = image.png; path = "hot-ham-and-rolls.png"; sourceTree = "<group>"; };
		A39553D51CD7FB0F0011B7A8 /* james-lovell.png */ = {isa = PBXFileReference; lastKnownFileType = image.png; path = "james-lovell.png"; sourceTree = "<group>"; };
		A39553D61CD7FB0F0011B7A8 /* red-lighthouse.png */ = {isa = PBXFileReference; lastKnownFileType = image.png; path = "red-lighthouse.png"; sourceTree = "<group>"; };
		A39553D71CD7FB0F0011B7A8 /* shot-and-beer.png */ = {isa = PBXFileReference; lastKnownFileType = image.png; path = "shot-and-beer.png"; sourceTree = "<group>"; };
		A39553D81CD7FB0F0011B7A8 /* swing-park.png */ = {isa = PBXFileReference; lastKnownFileType = image.png; path = "swing-park.png"; sourceTree = "<group>"; };
		A3A6E2E11C5FF1DE000F5C68 /* LocaMoji.app */ = {isa = PBXFileReference; explicitFileType = wrapper.application; includeInIndex = 0; path = LocaMoji.app; sourceTree = BUILT_PRODUCTS_DIR; };
		A3A6E2E41C5FF1DE000F5C68 /* AppDelegate.swift */ = {isa = PBXFileReference; lastKnownFileType = sourcecode.swift; path = AppDelegate.swift; sourceTree = "<group>"; };
		A3A6E2E61C5FF1DE000F5C68 /* ViewController.swift */ = {isa = PBXFileReference; lastKnownFileType = sourcecode.swift; path = ViewController.swift; sourceTree = "<group>"; };
		A3A6E2E91C5FF1DE000F5C68 /* Base */ = {isa = PBXFileReference; lastKnownFileType = file.storyboard; name = Base; path = Base.lproj/Main.storyboard; sourceTree = "<group>"; };
		A3A6E2EB1C5FF1DE000F5C68 /* Assets.xcassets */ = {isa = PBXFileReference; lastKnownFileType = folder.assetcatalog; path = Assets.xcassets; sourceTree = "<group>"; };
		A3A6E2F01C5FF1DE000F5C68 /* Info.plist */ = {isa = PBXFileReference; lastKnownFileType = text.plist.xml; path = Info.plist; sourceTree = "<group>"; };
		A3A6E2FA1C5FF204000F5C68 /* Milwaukee Emoji.appex */ = {isa = PBXFileReference; explicitFileType = "wrapper.app-extension"; includeInIndex = 0; path = "Milwaukee Emoji.appex"; sourceTree = BUILT_PRODUCTS_DIR; };
		A3A6E2FC1C5FF204000F5C68 /* KeyboardViewController.swift */ = {isa = PBXFileReference; lastKnownFileType = sourcecode.swift; path = KeyboardViewController.swift; sourceTree = "<group>"; };
		A3A6E2FE1C5FF204000F5C68 /* Info.plist */ = {isa = PBXFileReference; lastKnownFileType = text.plist.xml; path = Info.plist; sourceTree = "<group>"; };
		A3C7C1E61CF641BD00E19E09 /* StoreKit.framework */ = {isa = PBXFileReference; lastKnownFileType = wrapper.framework; name = StoreKit.framework; path = System/Library/Frameworks/StoreKit.framework; sourceTree = SDKROOT; };
		A3C7C1E81CF651C400E19E09 /* emojiCollectionCell.xib */ = {isa = PBXFileReference; fileEncoding = 4; lastKnownFileType = file.xib; path = emojiCollectionCell.xib; sourceTree = "<group>"; };
		A3C7C1EA1CF6533400E19E09 /* emojiCollectionCell.swift */ = {isa = PBXFileReference; fileEncoding = 4; lastKnownFileType = sourcecode.swift; path = emojiCollectionCell.swift; sourceTree = "<group>"; };
		A3C7C1EC1CF6D3F800E19E09 /* IAPHelper.swift */ = {isa = PBXFileReference; fileEncoding = 4; lastKnownFileType = sourcecode.swift; path = IAPHelper.swift; sourceTree = "<group>"; };
		A3C7C1EE1CF6D43A00E19E09 /* RageProducts.swift */ = {isa = PBXFileReference; fileEncoding = 4; lastKnownFileType = sourcecode.swift; path = RageProducts.swift; sourceTree = "<group>"; };
		A3C7C1F01CF75FFE00E19E09 /* LocaMoji.entitlements */ = {isa = PBXFileReference; lastKnownFileType = text.xml; path = LocaMoji.entitlements; sourceTree = "<group>"; };
		A3C7C1F11CF7619C00E19E09 /* Milwaukee Emoji.entitlements */ = {isa = PBXFileReference; lastKnownFileType = text.xml; path = "Milwaukee Emoji.entitlements"; sourceTree = "<group>"; };
		A3D5FB7A1C61679E00A4EEA9 /* Keyboard.xib */ = {isa = PBXFileReference; fileEncoding = 4; lastKnownFileType = file.xib; path = Keyboard.xib; sourceTree = "<group>"; };
		CD6F6EA941748D7B789076FC /* Pods.debug.xcconfig */ = {isa = PBXFileReference; includeInIndex = 1; lastKnownFileType = text.xcconfig; name = Pods.debug.xcconfig; path = "Pods/Target Support Files/Pods/Pods.debug.xcconfig"; sourceTree = "<group>"; };
/* End PBXFileReference section */

/* Begin PBXFrameworksBuildPhase section */
		A3A6E2DE1C5FF1DE000F5C68 /* Frameworks */ = {
			isa = PBXFrameworksBuildPhase;
			buildActionMask = 2147483647;
			files = (
				A3C7C1E71CF641BD00E19E09 /* StoreKit.framework in Frameworks */,
				A31B59461C866A3B004F3927 /* CoreLocation.framework in Frameworks */,
				42EC39CC7DA25EFFBE55644E /* libPods.a in Frameworks */,
			);
			runOnlyForDeploymentPostprocessing = 0;
		};
		A3A6E2F71C5FF204000F5C68 /* Frameworks */ = {
			isa = PBXFrameworksBuildPhase;
			buildActionMask = 2147483647;
			files = (
				A31B59451C866A34004F3927 /* CoreLocation.framework in Frameworks */,
				A3220B401C86658F009D1CC1 /* libPods.a in Frameworks */,
			);
			runOnlyForDeploymentPostprocessing = 0;
		};
/* End PBXFrameworksBuildPhase section */

/* Begin PBXGroup section */
		71EE28690A8334E2E63D8A5D /* Pods */ = {
			isa = PBXGroup;
			children = (
				CD6F6EA941748D7B789076FC /* Pods.debug.xcconfig */,
				421A01BCAF5FAA27C0B17B9C /* Pods.release.xcconfig */,
			);
			name = Pods;
			sourceTree = "<group>";
		};
		8B238387E7F9E1B8A3EE44D9 /* Frameworks */ = {
			isa = PBXGroup;
			children = (
				A3C7C1E61CF641BD00E19E09 /* StoreKit.framework */,
				A3220B3F1C86658F009D1CC1 /* libPods.a */,
				A3220B3C1C866467009D1CC1 /* CoreLocation.framework */,
				86A69C54BFEC95D342C8D1BD /* libPods.a */,
			);
			name = Frameworks;
			sourceTree = "<group>";
		};
		A3A6E2D81C5FF1DE000F5C68 = {
			isa = PBXGroup;
			children = (
				A3A6E2E31C5FF1DE000F5C68 /* Emoji Keyboard */,
				A3A6E2FB1C5FF204000F5C68 /* Milwaukee Emoji */,
				A3A6E2E21C5FF1DE000F5C68 /* Products */,
				71EE28690A8334E2E63D8A5D /* Pods */,
				8B238387E7F9E1B8A3EE44D9 /* Frameworks */,
			);
			sourceTree = "<group>";
		};
		A3A6E2E21C5FF1DE000F5C68 /* Products */ = {
			isa = PBXGroup;
			children = (
				A3A6E2E11C5FF1DE000F5C68 /* LocaMoji.app */,
				A3A6E2FA1C5FF204000F5C68 /* Milwaukee Emoji.appex */,
			);
			name = Products;
			sourceTree = "<group>";
		};
		A3A6E2E31C5FF1DE000F5C68 /* Emoji Keyboard */ = {
			isa = PBXGroup;
			children = (
				A3C7C1F01CF75FFE00E19E09 /* LocaMoji.entitlements */,
				A3A6E2E41C5FF1DE000F5C68 /* AppDelegate.swift */,
				A3A6E2E61C5FF1DE000F5C68 /* ViewController.swift */,
				A3A6E2E81C5FF1DE000F5C68 /* Main.storyboard */,
				A3A6E2EB1C5FF1DE000F5C68 /* Assets.xcassets */,
				A3A6E2F01C5FF1DE000F5C68 /* Info.plist */,
				A34514741C8526000000F1F5 /* LaunchScreen.xib */,
				A3C7C1E81CF651C400E19E09 /* emojiCollectionCell.xib */,
				A3C7C1EA1CF6533400E19E09 /* emojiCollectionCell.swift */,
				A3C7C1EC1CF6D3F800E19E09 /* IAPHelper.swift */,
				A3C7C1EE1CF6D43A00E19E09 /* RageProducts.swift */,
			);
			path = "Emoji Keyboard";
			sourceTree = "<group>";
		};
		A3A6E2FB1C5FF204000F5C68 /* Milwaukee Emoji */ = {
			isa = PBXGroup;
			children = (
				A3C7C1F11CF7619C00E19E09 /* Milwaukee Emoji.entitlements */,
				A3D5FBD91C62B9A000A4EEA9 /* emojis */,
				A3A6E2FC1C5FF204000F5C68 /* KeyboardViewController.swift */,
				A3A6E2FE1C5FF204000F5C68 /* Info.plist */,
				A3D5FB7A1C61679E00A4EEA9 /* Keyboard.xib */,
				A34514401C7E72920000F1F5 /* emojiCell.swift */,
				A34514411C7E72920000F1F5 /* emojiCell.xib */,
				A34514441C7FC09E0000F1F5 /* Media.xcassets */,
				A3220B3B1C865AD6009D1CC1 /* BridgingHeader.h */,
			);
			path = "Milwaukee Emoji";
			sourceTree = "<group>";
		};
		A3D5FBD91C62B9A000A4EEA9 /* emojis */ = {
			isa = PBXGroup;
			children = (
				A32514161CEBA7A400D326C7 /* mam-art-patrons.png */,
				A32514171CEBA7A400D326C7 /* mam-chihuly.png */,
				A32514221CEBA7C700D326C7 /* alice-cooper.png */,
				A32514181CEBA7A400D326C7 /* mam-closed.png */,
				A32514191CEBA7A400D326C7 /* mam-janitor.png */,
				A325141A1CEBA7A400D326C7 /* mam-open.png */,
				A325141B1CEBA7A400D326C7 /* mam-sunny.png */,
				A39553D41CD7FB0F0011B7A8 /* hot-ham-and-rolls.png */,
				A39553D51CD7FB0F0011B7A8 /* james-lovell.png */,
				A39553D61CD7FB0F0011B7A8 /* red-lighthouse.png */,
				A39553D71CD7FB0F0011B7A8 /* shot-and-beer.png */,
				A39553D81CD7FB0F0011B7A8 /* swing-park.png */,
				A325D32F1CC0BD3E00638E6A /* accordion.png */,
				A325D3311CC0BD3E00638E6A /* bar-dice.png */,
				A325D3321CC0BD3E00638E6A /* beastie.png */,
				A325D3331CC0BD3E00638E6A /* bloody-mary-with-chaser.png */,
				A325D3341CC0BD3E00638E6A /* bratwurst.png */,
				A325D3351CC0BD3E00638E6A /* bronze-fonz-thumbs.png */,
				A325D3361CC0BD3E00638E6A /* cheesehead-female.png */,
				A325D3371CC0BD3E00638E6A /* cheesehead-male.png */,
				A325D3381CC0BD3E00638E6A /* city-hall.png */,
				A325D3391CC0BD3E00638E6A /* dome.png */,
				A325D33A1CC0BD3E00638E6A /* domes.png */,
				A325D33B1CC0BD3E00638E6A /* fish-fry-fully-loaded.png */,
				A325D33C1CC0BD3E00638E6A /* 0hoan-bridge.png */,
				A325D33D1CC0BD3E00638E6A /* lake-michigan.png */,
				A325D33E1CC0BD3E00638E6A /* laverne.png */,
				A325D33F1CC0BD3E00638E6A /* milverine.png */,
				A325D3401CC0BD3E00638E6A /* milwaukee-flag.png */,
				A325D3411CC0BD3E00638E6A /* old-fashioned.png */,
				A325D3421CC0BD3E00638E6A /* rumchata.png */,
				A325D3431CC0BD3E00638E6A /* shirley.png */,
				A325D3441CC0BD3E00638E6A /* shorts-with-melting-snow-female.png */,
				A325D3451CC0BD3E00638E6A /* shorts-with-melting-snow-male.png */,
				A325D3461CC0BD3E00638E6A /* the-calling.png */,
				A325D3471CC0BD3E00638E6A /* vel-phillips.png */,
			);
			path = emojis;
			sourceTree = "<group>";
		};
/* End PBXGroup section */

/* Begin PBXNativeTarget section */
		A3A6E2E01C5FF1DE000F5C68 /* Emoji Keyboard */ = {
			isa = PBXNativeTarget;
			buildConfigurationList = A3A6E2F31C5FF1DE000F5C68 /* Build configuration list for PBXNativeTarget "Emoji Keyboard" */;
			buildPhases = (
				4EE691E5279467B75BB7FA47 /* Check Pods Manifest.lock */,
				A3A6E2DD1C5FF1DE000F5C68 /* Sources */,
				A3A6E2DE1C5FF1DE000F5C68 /* Frameworks */,
				A3A6E2DF1C5FF1DE000F5C68 /* Resources */,
				A3A6E3051C5FF204000F5C68 /* Embed App Extensions */,
				A97C80ADE8E390CD5623FC4B /* Embed Pods Frameworks */,
				1397EDD33D14B701E4F4FE8B /* Copy Pods Resources */,
			);
			buildRules = (
			);
			dependencies = (
				A3A6E3001C5FF204000F5C68 /* PBXTargetDependency */,
			);
			name = "Emoji Keyboard";
			productName = "Emoji Keyboard";
			productReference = A3A6E2E11C5FF1DE000F5C68 /* LocaMoji.app */;
			productType = "com.apple.product-type.application";
		};
		A3A6E2F91C5FF204000F5C68 /* Milwaukee Emoji */ = {
			isa = PBXNativeTarget;
			buildConfigurationList = A3A6E3021C5FF204000F5C68 /* Build configuration list for PBXNativeTarget "Milwaukee Emoji" */;
			buildPhases = (
				A3A6E2F61C5FF204000F5C68 /* Sources */,
				A3A6E2F71C5FF204000F5C68 /* Frameworks */,
				A3A6E2F81C5FF204000F5C68 /* Resources */,
			);
			buildRules = (
			);
			dependencies = (
			);
			name = "Milwaukee Emoji";
			productName = "Milwaukee Emoji";
			productReference = A3A6E2FA1C5FF204000F5C68 /* Milwaukee Emoji.appex */;
			productType = "com.apple.product-type.app-extension";
		};
/* End PBXNativeTarget section */

/* Begin PBXProject section */
		A3A6E2D91C5FF1DE000F5C68 /* Project object */ = {
			isa = PBXProject;
			attributes = {
				LastSwiftUpdateCheck = 0720;
				LastUpgradeCheck = 0720;
				ORGANIZATIONNAME = OnMilwaukee;
				TargetAttributes = {
					A3A6E2E01C5FF1DE000F5C68 = {
						CreatedOnToolsVersion = 7.2;
						DevelopmentTeam = 8HR5CN5CA2;
						SystemCapabilities = {
							com.apple.ApplicationGroups.iOS = {
								enabled = 1;
							};
							com.apple.InAppPurchase = {
								enabled = 1;
							};
						};
					};
					A3A6E2F91C5FF204000F5C68 = {
						CreatedOnToolsVersion = 7.2;
						DevelopmentTeam = 8HR5CN5CA2;
						SystemCapabilities = {
							com.apple.ApplicationGroups.iOS = {
								enabled = 1;
							};
						};
					};
				};
			};
			buildConfigurationList = A3A6E2DC1C5FF1DE000F5C68 /* Build configuration list for PBXProject "Emoji Keyboard" */;
			compatibilityVersion = "Xcode 3.2";
			developmentRegion = English;
			hasScannedForEncodings = 0;
			knownRegions = (
				en,
				Base,
			);
			mainGroup = A3A6E2D81C5FF1DE000F5C68;
			productRefGroup = A3A6E2E21C5FF1DE000F5C68 /* Products */;
			projectDirPath = "";
			projectRoot = "";
			targets = (
				A3A6E2E01C5FF1DE000F5C68 /* Emoji Keyboard */,
				A3A6E2F91C5FF204000F5C68 /* Milwaukee Emoji */,
			);
		};
/* End PBXProject section */

/* Begin PBXResourcesBuildPhase section */
		A3A6E2DF1C5FF1DE000F5C68 /* Resources */ = {
			isa = PBXResourcesBuildPhase;
			buildActionMask = 2147483647;
			files = (
				A3C7C1E91CF651C400E19E09 /* emojiCollectionCell.xib in Resources */,
				A3A6E2EC1C5FF1DE000F5C68 /* Assets.xcassets in Resources */,
				A34514751C8526000000F1F5 /* LaunchScreen.xib in Resources */,
				A3A6E2EA1C5FF1DE000F5C68 /* Main.storyboard in Resources */,
			);
			runOnlyForDeploymentPostprocessing = 0;
		};
		A3A6E2F81C5FF204000F5C68 /* Resources */ = {
			isa = PBXResourcesBuildPhase;
			buildActionMask = 2147483647;
			files = (
				A325D3591CC0BD3E00638E6A /* milwaukee-flag.png in Resources */,
				A34514431C7E72920000F1F5 /* emojiCell.xib in Resources */,
				A325D34F1CC0BD3E00638E6A /* cheesehead-female.png in Resources */,
				A325D34C1CC0BD3E00638E6A /* bloody-mary-with-chaser.png in Resources */,
				A325D3541CC0BD3E00638E6A /* fish-fry-fully-loaded.png in Resources */,
				A3D5FB7B1C61679E00A4EEA9 /* Keyboard.xib in Resources */,
				A325D3521CC0BD3E00638E6A /* dome.png in Resources */,
				A325D3501CC0BD3E00638E6A /* cheesehead-male.png in Resources */,
				A325D3531CC0BD3E00638E6A /* domes.png in Resources */,
				A325D3481CC0BD3E00638E6A /* accordion.png in Resources */,
				A325D34A1CC0BD3E00638E6A /* bar-dice.png in Resources */,
				A325D3601CC0BD3E00638E6A /* vel-phillips.png in Resources */,
				A39553DC1CD7FB0F0011B7A8 /* shot-and-beer.png in Resources */,
				A325D3581CC0BD3E00638E6A /* milverine.png in Resources */,
				A325D35B1CC0BD3E00638E6A /* rumchata.png in Resources */,
				A325D3551CC0BD3E00638E6A /* 0hoan-bridge.png in Resources */,
				A325D3511CC0BD3E00638E6A /* city-hall.png in Resources */,
				A34514451C7FC09E0000F1F5 /* Media.xcassets in Resources */,
				A325D35D1CC0BD3E00638E6A /* shorts-with-melting-snow-female.png in Resources */,
				A325D34E1CC0BD3E00638E6A /* bronze-fonz-thumbs.png in Resources */,
				A325141F1CEBA7A400D326C7 /* mam-janitor.png in Resources */,
				A325141C1CEBA7A400D326C7 /* mam-art-patrons.png in Resources */,
				A39553DA1CD7FB0F0011B7A8 /* james-lovell.png in Resources */,
				A325D34B1CC0BD3E00638E6A /* beastie.png in Resources */,
				A325D3571CC0BD3E00638E6A /* laverne.png in Resources */,
				A325D3561CC0BD3E00638E6A /* lake-michigan.png in Resources */,
				A325D34D1CC0BD3E00638E6A /* bratwurst.png in Resources */,
				A325141D1CEBA7A400D326C7 /* mam-chihuly.png in Resources */,
				A39553DB1CD7FB0F0011B7A8 /* red-lighthouse.png in Resources */,
				A39553DD1CD7FB0F0011B7A8 /* swing-park.png in Resources */,
				A325D35E1CC0BD3E00638E6A /* shorts-with-melting-snow-male.png in Resources */,
				A325D35C1CC0BD3E00638E6A /* shirley.png in Resources */,
				A39553D91CD7FB0F0011B7A8 /* hot-ham-and-rolls.png in Resources */,
				A32514211CEBA7A400D326C7 /* mam-sunny.png in Resources */,
				A325D35F1CC0BD3E00638E6A /* the-calling.png in Resources */,
				A325D35A1CC0BD3E00638E6A /* old-fashioned.png in Resources */,
				A325141E1CEBA7A400D326C7 /* mam-closed.png in Resources */,
				A32514201CEBA7A400D326C7 /* mam-open.png in Resources */,
				A32514231CEBA7C700D326C7 /* alice-cooper.png in Resources */,
			);
			runOnlyForDeploymentPostprocessing = 0;
		};
/* End PBXResourcesBuildPhase section */

/* Begin PBXShellScriptBuildPhase section */
		1397EDD33D14B701E4F4FE8B /* Copy Pods Resources */ = {
			isa = PBXShellScriptBuildPhase;
			buildActionMask = 2147483647;
			files = (
			);
			inputPaths = (
			);
			name = "Copy Pods Resources";
			outputPaths = (
			);
			runOnlyForDeploymentPostprocessing = 0;
			shellPath = /bin/sh;
			shellScript = "\"${SRCROOT}/Pods/Target Support Files/Pods/Pods-resources.sh\"\n";
			showEnvVarsInLog = 0;
		};
		4EE691E5279467B75BB7FA47 /* Check Pods Manifest.lock */ = {
			isa = PBXShellScriptBuildPhase;
			buildActionMask = 2147483647;
			files = (
			);
			inputPaths = (
			);
			name = "Check Pods Manifest.lock";
			outputPaths = (
			);
			runOnlyForDeploymentPostprocessing = 0;
			shellPath = /bin/sh;
			shellScript = "diff \"${PODS_ROOT}/../Podfile.lock\" \"${PODS_ROOT}/Manifest.lock\" > /dev/null\nif [[ $? != 0 ]] ; then\n    cat << EOM\nerror: The sandbox is not in sync with the Podfile.lock. Run 'pod install' or update your CocoaPods installation.\nEOM\n    exit 1\nfi\n";
			showEnvVarsInLog = 0;
		};
		A97C80ADE8E390CD5623FC4B /* Embed Pods Frameworks */ = {
			isa = PBXShellScriptBuildPhase;
			buildActionMask = 2147483647;
			files = (
			);
			inputPaths = (
			);
			name = "Embed Pods Frameworks";
			outputPaths = (
			);
			runOnlyForDeploymentPostprocessing = 0;
			shellPath = /bin/sh;
			shellScript = "\"${SRCROOT}/Pods/Target Support Files/Pods/Pods-frameworks.sh\"\n";
			showEnvVarsInLog = 0;
		};
/* End PBXShellScriptBuildPhase section */

/* Begin PBXSourcesBuildPhase section */
		A3A6E2DD1C5FF1DE000F5C68 /* Sources */ = {
			isa = PBXSourcesBuildPhase;
			buildActionMask = 2147483647;
			files = (
				A3C7C1ED1CF6D3F800E19E09 /* IAPHelper.swift in Sources */,
				A3A6E2E71C5FF1DE000F5C68 /* ViewController.swift in Sources */,
				A3C7C1EB1CF6533400E19E09 /* emojiCollectionCell.swift in Sources */,
				A3A6E2E51C5FF1DE000F5C68 /* AppDelegate.swift in Sources */,
				A3C7C1EF1CF6D43A00E19E09 /* RageProducts.swift in Sources */,
			);
			runOnlyForDeploymentPostprocessing = 0;
		};
		A3A6E2F61C5FF204000F5C68 /* Sources */ = {
			isa = PBXSourcesBuildPhase;
			buildActionMask = 2147483647;
			files = (
				A34514421C7E72920000F1F5 /* emojiCell.swift in Sources */,
				A3A6E2FD1C5FF204000F5C68 /* KeyboardViewController.swift in Sources */,
			);
			runOnlyForDeploymentPostprocessing = 0;
		};
/* End PBXSourcesBuildPhase section */

/* Begin PBXTargetDependency section */
		A3A6E3001C5FF204000F5C68 /* PBXTargetDependency */ = {
			isa = PBXTargetDependency;
			target = A3A6E2F91C5FF204000F5C68 /* Milwaukee Emoji */;
			targetProxy = A3A6E2FF1C5FF204000F5C68 /* PBXContainerItemProxy */;
		};
/* End PBXTargetDependency section */

/* Begin PBXVariantGroup section */
		A3A6E2E81C5FF1DE000F5C68 /* Main.storyboard */ = {
			isa = PBXVariantGroup;
			children = (
				A3A6E2E91C5FF1DE000F5C68 /* Base */,
			);
			name = Main.storyboard;
			sourceTree = "<group>";
		};
/* End PBXVariantGroup section */

/* Begin XCBuildConfiguration section */
		A3A6E2F11C5FF1DE000F5C68 /* Debug */ = {
			isa = XCBuildConfiguration;
			buildSettings = {
				ALWAYS_SEARCH_USER_PATHS = NO;
				CLANG_CXX_LANGUAGE_STANDARD = "gnu++0x";
				CLANG_CXX_LIBRARY = "libc++";
				CLANG_ENABLE_MODULES = YES;
				CLANG_ENABLE_OBJC_ARC = YES;
				CLANG_WARN_BOOL_CONVERSION = YES;
				CLANG_WARN_CONSTANT_CONVERSION = YES;
				CLANG_WARN_DIRECT_OBJC_ISA_USAGE = YES_ERROR;
				CLANG_WARN_EMPTY_BODY = YES;
				CLANG_WARN_ENUM_CONVERSION = YES;
				CLANG_WARN_INT_CONVERSION = YES;
				CLANG_WARN_OBJC_ROOT_CLASS = YES_ERROR;
				CLANG_WARN_UNREACHABLE_CODE = YES;
				CLANG_WARN__DUPLICATE_METHOD_MATCH = YES;
				"CODE_SIGN_IDENTITY[sdk=iphoneos*]" = "iPhone Developer";
				COPY_PHASE_STRIP = NO;
				DEBUG_INFORMATION_FORMAT = dwarf;
				ENABLE_STRICT_OBJC_MSGSEND = YES;
				ENABLE_TESTABILITY = YES;
				GCC_C_LANGUAGE_STANDARD = gnu99;
				GCC_DYNAMIC_NO_PIC = NO;
				GCC_NO_COMMON_BLOCKS = YES;
				GCC_OPTIMIZATION_LEVEL = 0;
				GCC_PREPROCESSOR_DEFINITIONS = (
					"DEBUG=1",
					"$(inherited)",
				);
				GCC_WARN_64_TO_32_BIT_CONVERSION = YES;
				GCC_WARN_ABOUT_RETURN_TYPE = YES_ERROR;
				GCC_WARN_UNDECLARED_SELECTOR = YES;
				GCC_WARN_UNINITIALIZED_AUTOS = YES_AGGRESSIVE;
				GCC_WARN_UNUSED_FUNCTION = YES;
				GCC_WARN_UNUSED_VARIABLE = YES;
				IPHONEOS_DEPLOYMENT_TARGET = 9.2;
				MTL_ENABLE_DEBUG_INFO = YES;
				ONLY_ACTIVE_ARCH = YES;
				SDKROOT = iphoneos;
				SWIFT_OPTIMIZATION_LEVEL = "-Onone";
				TARGETED_DEVICE_FAMILY = "1,2";
			};
			name = Debug;
		};
		A3A6E2F21C5FF1DE000F5C68 /* Release */ = {
			isa = XCBuildConfiguration;
			buildSettings = {
				ALWAYS_SEARCH_USER_PATHS = NO;
				CLANG_CXX_LANGUAGE_STANDARD = "gnu++0x";
				CLANG_CXX_LIBRARY = "libc++";
				CLANG_ENABLE_MODULES = YES;
				CLANG_ENABLE_OBJC_ARC = YES;
				CLANG_WARN_BOOL_CONVERSION = YES;
				CLANG_WARN_CONSTANT_CONVERSION = YES;
				CLANG_WARN_DIRECT_OBJC_ISA_USAGE = YES_ERROR;
				CLANG_WARN_EMPTY_BODY = YES;
				CLANG_WARN_ENUM_CONVERSION = YES;
				CLANG_WARN_INT_CONVERSION = YES;
				CLANG_WARN_OBJC_ROOT_CLASS = YES_ERROR;
				CLANG_WARN_UNREACHABLE_CODE = YES;
				CLANG_WARN__DUPLICATE_METHOD_MATCH = YES;
				"CODE_SIGN_IDENTITY[sdk=iphoneos*]" = "iPhone Developer";
				COPY_PHASE_STRIP = NO;
				DEBUG_INFORMATION_FORMAT = "dwarf-with-dsym";
				ENABLE_NS_ASSERTIONS = NO;
				ENABLE_STRICT_OBJC_MSGSEND = YES;
				GCC_C_LANGUAGE_STANDARD = gnu99;
				GCC_NO_COMMON_BLOCKS = YES;
				GCC_WARN_64_TO_32_BIT_CONVERSION = YES;
				GCC_WARN_ABOUT_RETURN_TYPE = YES_ERROR;
				GCC_WARN_UNDECLARED_SELECTOR = YES;
				GCC_WARN_UNINITIALIZED_AUTOS = YES_AGGRESSIVE;
				GCC_WARN_UNUSED_FUNCTION = YES;
				GCC_WARN_UNUSED_VARIABLE = YES;
				IPHONEOS_DEPLOYMENT_TARGET = 9.2;
				MTL_ENABLE_DEBUG_INFO = NO;
				SDKROOT = iphoneos;
				TARGETED_DEVICE_FAMILY = "1,2";
				VALIDATE_PRODUCT = YES;
			};
			name = Release;
		};
		A3A6E2F41C5FF1DE000F5C68 /* Debug */ = {
			isa = XCBuildConfiguration;
			baseConfigurationReference = CD6F6EA941748D7B789076FC /* Pods.debug.xcconfig */;
			buildSettings = {
				ASSETCATALOG_COMPILER_APPICON_NAME = AppIcon;
				CODE_SIGN_ENTITLEMENTS = "Emoji Keyboard/LocaMoji.entitlements";
				CODE_SIGN_IDENTITY = "iPhone Developer";
				EMBEDDED_CONTENT_CONTAINS_SWIFT = YES;
				INFOPLIST_FILE = "Emoji Keyboard/Info.plist";
				LD_RUNPATH_SEARCH_PATHS = "$(inherited) @executable_path/Frameworks";
				PRODUCT_BUNDLE_IDENTIFIER = "onmilwaukee.Emoji-Keyboard";
				PRODUCT_NAME = LocaMoji;
			};
			name = Debug;
		};
		A3A6E2F51C5FF1DE000F5C68 /* Release */ = {
			isa = XCBuildConfiguration;
			baseConfigurationReference = 421A01BCAF5FAA27C0B17B9C /* Pods.release.xcconfig */;
			buildSettings = {
				ASSETCATALOG_COMPILER_APPICON_NAME = AppIcon;
				CODE_SIGN_ENTITLEMENTS = "Emoji Keyboard/LocaMoji.entitlements";
				CODE_SIGN_IDENTITY = "iPhone Distribution: ONMILWAUKEE.COM, L.L.C (8HR5CN5CA2)";
				EMBEDDED_CONTENT_CONTAINS_SWIFT = YES;
				INFOPLIST_FILE = "Emoji Keyboard/Info.plist";
				LD_RUNPATH_SEARCH_PATHS = "$(inherited) @executable_path/Frameworks";
				PRODUCT_BUNDLE_IDENTIFIER = "onmilwaukee.Emoji-Keyboard";
				PRODUCT_NAME = LocaMoji;
			};
			name = Release;
		};
		A3A6E3031C5FF204000F5C68 /* Debug */ = {
			isa = XCBuildConfiguration;
			baseConfigurationReference = CD6F6EA941748D7B789076FC /* Pods.debug.xcconfig */;
			buildSettings = {
				CODE_SIGN_ENTITLEMENTS = "Milwaukee Emoji/Milwaukee Emoji.entitlements";
				CODE_SIGN_IDENTITY = "iPhone Developer";
				"CODE_SIGN_IDENTITY[sdk=iphoneos*]" = "iPhone Developer";
				INFOPLIST_FILE = "Milwaukee Emoji/Info.plist";
				IPHONEOS_DEPLOYMENT_TARGET = 9.2;
				LD_RUNPATH_SEARCH_PATHS = "$(inherited) @executable_path/Frameworks @executable_path/../../Frameworks";
				LIBRARY_SEARCH_PATHS = (
					"$(inherited)",
					"$(PROJECT_DIR)/build/Debug-iphoneos",
				);
				PRODUCT_BUNDLE_IDENTIFIER = "onmilwaukee.Emoji-Keyboard.Milwaukee-Emoji";
				PRODUCT_NAME = "$(TARGET_NAME)";
				PROVISIONING_PROFILE = "";
				SKIP_INSTALL = YES;
				SWIFT_OBJC_BRIDGING_HEADER = "Milwaukee Emoji/BridgingHeader.h";
			};
			name = Debug;
		};
		A3A6E3041C5FF204000F5C68 /* Release */ = {
			isa = XCBuildConfiguration;
			baseConfigurationReference = 421A01BCAF5FAA27C0B17B9C /* Pods.release.xcconfig */;
			buildSettings = {
				CODE_SIGN_ENTITLEMENTS = "Milwaukee Emoji/Milwaukee Emoji.entitlements";
				CODE_SIGN_IDENTITY = "iPhone Distribution: ONMILWAUKEE.COM, L.L.C (8HR5CN5CA2)";
				"CODE_SIGN_IDENTITY[sdk=iphoneos*]" = "iPhone Distribution: ONMILWAUKEE.COM, L.L.C (8HR5CN5CA2)";
				INFOPLIST_FILE = "Milwaukee Emoji/Info.plist";
				IPHONEOS_DEPLOYMENT_TARGET = 9.2;
				LD_RUNPATH_SEARCH_PATHS = "$(inherited) @executable_path/Frameworks @executable_path/../../Frameworks";
				LIBRARY_SEARCH_PATHS = (
					"$(inherited)",
					"$(PROJECT_DIR)/build/Debug-iphoneos",
				);
				PRODUCT_BUNDLE_IDENTIFIER = "onmilwaukee.Emoji-Keyboard.Milwaukee-Emoji";
				PRODUCT_NAME = "$(TARGET_NAME)";
				PROVISIONING_PROFILE = "";
				SKIP_INSTALL = YES;
				SWIFT_OBJC_BRIDGING_HEADER = "Milwaukee Emoji/BridgingHeader.h";
			};
			name = Release;
		};
/* End XCBuildConfiguration section */

/* Begin XCConfigurationList section */
		A3A6E2DC1C5FF1DE000F5C68 /* Build configuration list for PBXProject "Emoji Keyboard" */ = {
			isa = XCConfigurationList;
			buildConfigurations = (
				A3A6E2F11C5FF1DE000F5C68 /* Debug */,
				A3A6E2F21C5FF1DE000F5C68 /* Release */,
			);
			defaultConfigurationIsVisible = 0;
			defaultConfigurationName = Release;
		};
		A3A6E2F31C5FF1DE000F5C68 /* Build configuration list for PBXNativeTarget "Emoji Keyboard" */ = {
			isa = XCConfigurationList;
			buildConfigurations = (
				A3A6E2F41C5FF1DE000F5C68 /* Debug */,
				A3A6E2F51C5FF1DE000F5C68 /* Release */,
			);
			defaultConfigurationIsVisible = 0;
			defaultConfigurationName = Release;
		};
		A3A6E3021C5FF204000F5C68 /* Build configuration list for PBXNativeTarget "Milwaukee Emoji" */ = {
			isa = XCConfigurationList;
			buildConfigurations = (
				A3A6E3031C5FF204000F5C68 /* Debug */,
				A3A6E3041C5FF204000F5C68 /* Release */,
			);
			defaultConfigurationIsVisible = 0;
			defaultConfigurationName = Release;
		};
/* End XCConfigurationList section */
	};
	rootObject = A3A6E2D91C5FF1DE000F5C68 /* Project object */;
}
